
Microsoft Visual Studio Solution File, Format Version 12.00
# Visual Studio Version 17
VisualStudioVersion = 17.13.35806.99
MinimumVisualStudioVersion = 10.0.40219.1
Project("{FAE04EC0-301F-11D3-BF4B-00C04F79EFBC}") = "ClipCutter", "ClipCutter\ClipCutter.csproj", "{CFB38348-D88F-47D6-A9F0-C41980D45AFF}"
EndProject
Global
	GlobalSection(SolutionConfigurationPlatforms) = preSolution
		Debug|Any CPU = Debug|Any CPU
		Debug|x64 = Debug|x64
		Release|Any CPU = Release|Any CPU
		Release|x64 = Release|x64
	EndGlobalSection
	GlobalSection(ProjectConfigurationPlatforms) = postSolution
		{CFB38348-D88F-47D6-A9F0-C41980D45AFF}.Debug|Any CPU.ActiveCfg = Debug|Any CPU
		{CFB38348-D88F-47D6-A9F0-C41980D45AFF}.Debug|Any CPU.Build.0 = Debug|Any CPU
		{CFB38348-D88F-47D6-A9F0-C41980D45AFF}.Debug|x64.ActiveCfg = Debug|x64
		{CFB38348-D88F-47D6-A9F0-C41980D45AFF}.Debug|x64.Build.0 = Debug|x64
		{CFB38348-D88F-47D6-A9F0-C41980D45AFF}.Release|Any CPU.ActiveCfg = Release|Any CPU
		{CFB38348-D88F-47D6-A9F0-C41980D45AFF}.Release|Any CPU.Build.0 = Release|Any CPU
		{CFB38348-D88F-47D6-A9F0-C41980D45AFF}.Release|x64.ActiveCfg = Release|x64
		{CFB38348-D88F-47D6-A9F0-C41980D45AFF}.Release|x64.Build.0 = Release|x64
	EndGlobalSection
	GlobalSection(SolutionProperties) = preSolution
		HideSolutionNode = FALSE
	EndGlobalSection
	GlobalSection(ExtensibilityGlobals) = postSolution
		SolutionGuid = {72B0A299-CA82-4F89-A313-420C352EFC97}
	EndGlobalSection
EndGlobal
